
Microsoft Visual Studio Solution File, Format Version 12.00
# Visual Studio Version 17
VisualStudioVersion = 17.1.32328.378
MinimumVisualStudioVersion = 10.0.40219.1
Project("{9A19103F-16F7-4668-BE54-9A1E7A4F7556}") = "ConfigMapConfigurationProvider", "src\ConfigMapConfigurationProvider\ConfigMapConfigurationProvider.csproj", "{29CC9D26-1E45-4FDB-AA01-BD0D368B2446}"
EndProject
Project("{2150E333-8FDC-42A3-9474-1A3956D46DE8}") = "Solution", "Solution", "{A41D70D8-E4C6-4173-AF60-343055E000A6}"
	ProjectSection(SolutionItems) = preProject
		.dockerignore = .dockerignore
		.editorconfig = .editorconfig
		.gitignore = .gitignore
		Directory.Build.props = Directory.Build.props
		LICENSE = LICENSE
		README.md = README.md
		version.json = version.json
	EndProjectSection
EndProject
Project("{9A19103F-16F7-4668-BE54-9A1E7A4F7556}") = "ConfigMapConfigurationProvider.App", "src\ConfigMapConfigurationProvider.App\ConfigMapConfigurationProvider.App.csproj", "{1C5D1AAC-63D1-4712-8731-C66CAA1492EC}"
EndProject
Project("{FAE04EC0-301F-11D3-BF4B-00C04F79EFBC}") = "ConfigMapConfigurationProvider.Tests", "tests\ConfigMapConfigurationProvider.Tests\ConfigMapConfigurationProvider.Tests.csproj", "{BA6A5608-F308-4B07-8EA2-9A608238127D}"
EndProject
Project("{FAE04EC0-301F-11D3-BF4B-00C04F79EFBC}") = "ConfigMapConfigurationProvider.App.IntegrationTests", "tests\ConfigMapConfigurationProvider.App.IntegrationTests\ConfigMapConfigurationProvider.App.IntegrationTests.csproj", "{9638E208-D93D-4271-B2AC-EC6A9E3B30F4}"
EndProject
Project("{2150E333-8FDC-42A3-9474-1A3956D46DE8}") = "tests", "tests", "{1B628A79-4C0C-497F-A4AA-B7770B0F1E19}"
EndProject
Project("{2150E333-8FDC-42A3-9474-1A3956D46DE8}") = ".gitlab", ".gitlab", "{1D65252C-6453-48D2-BE72-9B316D901B32}"
EndProject
Project("{2150E333-8FDC-42A3-9474-1A3956D46DE8}") = "workflows", "workflows", "{C424E357-6F97-44BA-845C-88EC883EFF4E}"
	ProjectSection(SolutionItems) = preProject
		.github\workflows\dotnet.yml = .github\workflows\dotnet.yml
	EndProjectSection
EndProject
Global
	GlobalSection(SolutionConfigurationPlatforms) = preSolution
		Debug|Any CPU = Debug|Any CPU
		Release|Any CPU = Release|Any CPU
	EndGlobalSection
	GlobalSection(ProjectConfigurationPlatforms) = postSolution
		{29CC9D26-1E45-4FDB-AA01-BD0D368B2446}.Debug|Any CPU.ActiveCfg = Debug|Any CPU
		{29CC9D26-1E45-4FDB-AA01-BD0D368B2446}.Debug|Any CPU.Build.0 = Debug|Any CPU
		{29CC9D26-1E45-4FDB-AA01-BD0D368B2446}.Release|Any CPU.ActiveCfg = Release|Any CPU
		{29CC9D26-1E45-4FDB-AA01-BD0D368B2446}.Release|Any CPU.Build.0 = Release|Any CPU
		{1C5D1AAC-63D1-4712-8731-C66CAA1492EC}.Debug|Any CPU.ActiveCfg = Debug|Any CPU
		{1C5D1AAC-63D1-4712-8731-C66CAA1492EC}.Debug|Any CPU.Build.0 = Debug|Any CPU
		{1C5D1AAC-63D1-4712-8731-C66CAA1492EC}.Release|Any CPU.ActiveCfg = Release|Any CPU
		{1C5D1AAC-63D1-4712-8731-C66CAA1492EC}.Release|Any CPU.Build.0 = Release|Any CPU
		{BA6A5608-F308-4B07-8EA2-9A608238127D}.Debug|Any CPU.ActiveCfg = Debug|Any CPU
		{BA6A5608-F308-4B07-8EA2-9A608238127D}.Debug|Any CPU.Build.0 = Debug|Any CPU
		{BA6A5608-F308-4B07-8EA2-9A608238127D}.Release|Any CPU.ActiveCfg = Release|Any CPU
		{BA6A5608-F308-4B07-8EA2-9A608238127D}.Release|Any CPU.Build.0 = Release|Any CPU
		{9638E208-D93D-4271-B2AC-EC6A9E3B30F4}.Debug|Any CPU.ActiveCfg = Debug|Any CPU
		{9638E208-D93D-4271-B2AC-EC6A9E3B30F4}.Debug|Any CPU.Build.0 = Debug|Any CPU
		{9638E208-D93D-4271-B2AC-EC6A9E3B30F4}.Release|Any CPU.ActiveCfg = Release|Any CPU
		{9638E208-D93D-4271-B2AC-EC6A9E3B30F4}.Release|Any CPU.Build.0 = Release|Any CPU
	EndGlobalSection
	GlobalSection(SolutionProperties) = preSolution
		HideSolutionNode = FALSE
	EndGlobalSection
	GlobalSection(NestedProjects) = preSolution
		{1B628A79-4C0C-497F-A4AA-B7770B0F1E19} = {A41D70D8-E4C6-4173-AF60-343055E000A6}
		{1D65252C-6453-48D2-BE72-9B316D901B32} = {A41D70D8-E4C6-4173-AF60-343055E000A6}
		{C424E357-6F97-44BA-845C-88EC883EFF4E} = {1D65252C-6453-48D2-BE72-9B316D901B32}
	EndGlobalSection
	GlobalSection(ExtensibilityGlobals) = postSolution
		SolutionGuid = {F87112E0-0917-4B27-833A-BAD9E0DB61FA}
	EndGlobalSection
EndGlobal
